
Microsoft Visual Studio Solution File, Format Version 12.00
# Visual Studio Version 16
VisualStudioVersion = 16.0.31605.320
MinimumVisualStudioVersion = 10.0.40219.1
Project("{9A19103F-16F7-4668-BE54-9A1E7A4F7556}") = "XanpoolAPI", "XanpoolAPI\XanpoolAPI.csproj", "{A558BE56-5BAB-4A63-9215-F8EFF5D84C39}"
EndProject
Project("{9A19103F-16F7-4668-BE54-9A1E7A4F7556}") = "XanPoolAPITest", "XanPoolAPITest\XanPoolAPITest.csproj", "{D21812FE-CCC9-43C4-939F-9C43DFE36511}"
EndProject
Global
	GlobalSection(SolutionConfigurationPlatforms) = preSolution
		Debug|Any CPU = Debug|Any CPU
		Release|Any CPU = Release|Any CPU
	EndGlobalSection
	GlobalSection(ProjectConfigurationPlatforms) = postSolution
		{A558BE56-5BAB-4A63-9215-F8EFF5D84C39}.Debug|Any CPU.ActiveCfg = Debug|Any CPU
		{A558BE56-5BAB-4A63-9215-F8EFF5D84C39}.Debug|Any CPU.Build.0 = Debug|Any CPU
		{A558BE56-5BAB-4A63-9215-F8EFF5D84C39}.Release|Any CPU.ActiveCfg = Release|Any CPU
		{A558BE56-5BAB-4A63-9215-F8EFF5D84C39}.Release|Any CPU.Build.0 = Release|Any CPU
		{D21812FE-CCC9-43C4-939F-9C43DFE36511}.Debug|Any CPU.ActiveCfg = Debug|Any CPU
		{D21812FE-CCC9-43C4-939F-9C43DFE36511}.Debug|Any CPU.Build.0 = Debug|Any CPU
		{D21812FE-CCC9-43C4-939F-9C43DFE36511}.Release|Any CPU.ActiveCfg = Release|Any CPU
		{D21812FE-CCC9-43C4-939F-9C43DFE36511}.Release|Any CPU.Build.0 = Release|Any CPU
	EndGlobalSection
	GlobalSection(SolutionProperties) = preSolution
		HideSolutionNode = FALSE
	EndGlobalSection
	GlobalSection(ExtensibilityGlobals) = postSolution
		SolutionGuid = {20062C07-87D3-4755-AC63-0E4AD8A6BB6D}
	EndGlobalSection
EndGlobal
